
Microsoft Visual Studio Solution File, Format Version 12.00
Project("{2150E333-8FDC-42A3-9474-1A3956D46DE8}") = "src", "src", "{5F069673-5D80-446C-92F1-4A46B85276F1}"
EndProject
Project("{2150E333-8FDC-42A3-9474-1A3956D46DE8}") = "Tests", "Tests", "{C7E71A79-4407-4C92-A975-5E8D36E10685}"
EndProject
Project("{FAE04EC0-301F-11D3-BF4B-00C04F79EFBC}") = "GoodHamburger.Core", "GoodHamburger.Core\GoodHamburger.Core.csproj", "{A193AE31-B9E8-40CF-8A66-58B32FE87712}"
EndProject
Project("{FAE04EC0-301F-11D3-BF4B-00C04F79EFBC}") = "GoodHamburger.Core.Tests", "GoodHamburger.Core.Tests\GoodHamburger.Core.Tests.csproj", "{EB36D8DD-3C4C-4598-97C0-947EAFB12C53}"
EndProject
Global
	GlobalSection(SolutionConfigurationPlatforms) = preSolution
		Debug|Any CPU = Debug|Any CPU
		Release|Any CPU = Release|Any CPU
	EndGlobalSection
	GlobalSection(NestedProjects) = preSolution
		{A193AE31-B9E8-40CF-8A66-58B32FE87712} = {5F069673-5D80-446C-92F1-4A46B85276F1}
		{EB36D8DD-3C4C-4598-97C0-947EAFB12C53} = {C7E71A79-4407-4C92-A975-5E8D36E10685}
	EndGlobalSection
	GlobalSection(ProjectConfigurationPlatforms) = postSolution
		{A193AE31-B9E8-40CF-8A66-58B32FE87712}.Debug|Any CPU.ActiveCfg = Debug|Any CPU
		{A193AE31-B9E8-40CF-8A66-58B32FE87712}.Debug|Any CPU.Build.0 = Debug|Any CPU
		{A193AE31-B9E8-40CF-8A66-58B32FE87712}.Release|Any CPU.ActiveCfg = Release|Any CPU
		{A193AE31-B9E8-40CF-8A66-58B32FE87712}.Release|Any CPU.Build.0 = Release|Any CPU
		{EB36D8DD-3C4C-4598-97C0-947EAFB12C53}.Debug|Any CPU.ActiveCfg = Debug|Any CPU
		{EB36D8DD-3C4C-4598-97C0-947EAFB12C53}.Debug|Any CPU.Build.0 = Debug|Any CPU
		{EB36D8DD-3C4C-4598-97C0-947EAFB12C53}.Release|Any CPU.ActiveCfg = Release|Any CPU
		{EB36D8DD-3C4C-4598-97C0-947EAFB12C53}.Release|Any CPU.Build.0 = Release|Any CPU
	EndGlobalSection
EndGlobal
