
Microsoft Visual Studio Solution File, Format Version 12.00
Project("{2150E333-8FDC-42A3-9474-1A3956D46DE8}") = "src", "src", "{5F069673-5D80-446C-92F1-4A46B85276F1}"
EndProject
Project("{2150E333-8FDC-42A3-9474-1A3956D46DE8}") = "Solution Items", "Solution Items", "{B5C0E5F1-1234-4A2B-9C3D-000000000001}"
	ProjectSection(SolutionItems) = preProject
		README.md = README.md
	EndProjectSection
EndProject
Project("{2150E333-8FDC-42A3-9474-1A3956D46DE8}") = "Tests", "Tests", "{C7E71A79-4407-4C92-A975-5E8D36E10685}"
EndProject
Project("{FAE04EC0-301F-11D3-BF4B-00C04F79EFBC}") = "GoodHamburger.Core", "GoodHamburger.Core\GoodHamburger.Core.csproj", "{A193AE31-B9E8-40CF-8A66-58B32FE87712}"
EndProject
Project("{FAE04EC0-301F-11D3-BF4B-00C04F79EFBC}") = "GoodHamburger.Core.Tests", "GoodHamburger.Core.Tests\GoodHamburger.Core.Tests.csproj", "{EB36D8DD-3C4C-4598-97C0-947EAFB12C53}"
EndProject
Project("{FAE04EC0-301F-11D3-BF4B-00C04F79EFBC}") = "GoodHamburger.Web", "GoodHamburger.Web\GoodHamburger.Web.csproj", "{FE042BE0-F778-4B6C-846C-C96F743D4800}"
EndProject
Project("{FAE04EC0-301F-11D3-BF4B-00C04F79EFBC}") = "GoodHamburger.Data", "GoodHamburger.Data\GoodHamburger.Data.csproj", "{0D8EB0EA-0E33-4BC3-BE4B-4B1060680D38}"
EndProject
Project("{FAE04EC0-301F-11D3-BF4B-00C04F79EFBC}") = "GoodHamburger.Api", "GoodHamburger.Api\GoodHamburger.Api.csproj", "{616CAB59-7B40-4B75-9F16-FDB3181C0A0D}"
EndProject
Project("{FAE04EC0-301F-11D3-BF4B-00C04F79EFBC}") = "GoodHamburger.Shared.Pagination", "GoodHamburger.Shared.Pagination\GoodHamburger.Shared.Pagination.csproj", "{04104B88-6645-432A-A163-0B7DC2EED03E}"
EndProject
Global
	GlobalSection(SolutionConfigurationPlatforms) = preSolution
		Debug|Any CPU = Debug|Any CPU
		Debug|x64 = Debug|x64
		Debug|x86 = Debug|x86
		Release|Any CPU = Release|Any CPU
		Release|x64 = Release|x64
		Release|x86 = Release|x86
	EndGlobalSection
	GlobalSection(ProjectConfigurationPlatforms) = postSolution
		{A193AE31-B9E8-40CF-8A66-58B32FE87712}.Debug|Any CPU.ActiveCfg = Debug|Any CPU
		{A193AE31-B9E8-40CF-8A66-58B32FE87712}.Debug|Any CPU.Build.0 = Debug|Any CPU
		{A193AE31-B9E8-40CF-8A66-58B32FE87712}.Debug|x64.ActiveCfg = Debug|Any CPU
		{A193AE31-B9E8-40CF-8A66-58B32FE87712}.Debug|x64.Build.0 = Debug|Any CPU
		{A193AE31-B9E8-40CF-8A66-58B32FE87712}.Debug|x86.ActiveCfg = Debug|Any CPU
		{A193AE31-B9E8-40CF-8A66-58B32FE87712}.Debug|x86.Build.0 = Debug|Any CPU
		{A193AE31-B9E8-40CF-8A66-58B32FE87712}.Release|Any CPU.ActiveCfg = Release|Any CPU
		{A193AE31-B9E8-40CF-8A66-58B32FE87712}.Release|Any CPU.Build.0 = Release|Any CPU
		{A193AE31-B9E8-40CF-8A66-58B32FE87712}.Release|x64.ActiveCfg = Release|Any CPU
		{A193AE31-B9E8-40CF-8A66-58B32FE87712}.Release|x64.Build.0 = Release|Any CPU
		{A193AE31-B9E8-40CF-8A66-58B32FE87712}.Release|x86.ActiveCfg = Release|Any CPU
		{A193AE31-B9E8-40CF-8A66-58B32FE87712}.Release|x86.Build.0 = Release|Any CPU
		{EB36D8DD-3C4C-4598-97C0-947EAFB12C53}.Debug|Any CPU.ActiveCfg = Debug|Any CPU
		{EB36D8DD-3C4C-4598-97C0-947EAFB12C53}.Debug|Any CPU.Build.0 = Debug|Any CPU
		{EB36D8DD-3C4C-4598-97C0-947EAFB12C53}.Debug|x64.ActiveCfg = Debug|Any CPU
		{EB36D8DD-3C4C-4598-97C0-947EAFB12C53}.Debug|x64.Build.0 = Debug|Any CPU
		{EB36D8DD-3C4C-4598-97C0-947EAFB12C53}.Debug|x86.ActiveCfg = Debug|Any CPU
		{EB36D8DD-3C4C-4598-97C0-947EAFB12C53}.Debug|x86.Build.0 = Debug|Any CPU
		{EB36D8DD-3C4C-4598-97C0-947EAFB12C53}.Release|Any CPU.ActiveCfg = Release|Any CPU
		{EB36D8DD-3C4C-4598-97C0-947EAFB12C53}.Release|Any CPU.Build.0 = Release|Any CPU
		{EB36D8DD-3C4C-4598-97C0-947EAFB12C53}.Release|x64.ActiveCfg = Release|Any CPU
		{EB36D8DD-3C4C-4598-97C0-947EAFB12C53}.Release|x64.Build.0 = Release|Any CPU
		{EB36D8DD-3C4C-4598-97C0-947EAFB12C53}.Release|x86.ActiveCfg = Release|Any CPU
		{EB36D8DD-3C4C-4598-97C0-947EAFB12C53}.Release|x86.Build.0 = Release|Any CPU
		{FE042BE0-F778-4B6C-846C-C96F743D4800}.Debug|Any CPU.ActiveCfg = Debug|Any CPU
		{FE042BE0-F778-4B6C-846C-C96F743D4800}.Debug|Any CPU.Build.0 = Debug|Any CPU
		{FE042BE0-F778-4B6C-846C-C96F743D4800}.Debug|x64.ActiveCfg = Debug|Any CPU
		{FE042BE0-F778-4B6C-846C-C96F743D4800}.Debug|x64.Build.0 = Debug|Any CPU
		{FE042BE0-F778-4B6C-846C-C96F743D4800}.Debug|x86.ActiveCfg = Debug|Any CPU
		{FE042BE0-F778-4B6C-846C-C96F743D4800}.Debug|x86.Build.0 = Debug|Any CPU
		{FE042BE0-F778-4B6C-846C-C96F743D4800}.Release|Any CPU.ActiveCfg = Release|Any CPU
		{FE042BE0-F778-4B6C-846C-C96F743D4800}.Release|Any CPU.Build.0 = Release|Any CPU
		{FE042BE0-F778-4B6C-846C-C96F743D4800}.Release|x64.ActiveCfg = Release|Any CPU
		{FE042BE0-F778-4B6C-846C-C96F743D4800}.Release|x64.Build.0 = Release|Any CPU
		{FE042BE0-F778-4B6C-846C-C96F743D4800}.Release|x86.ActiveCfg = Release|Any CPU
		{FE042BE0-F778-4B6C-846C-C96F743D4800}.Release|x86.Build.0 = Release|Any CPU
		{0D8EB0EA-0E33-4BC3-BE4B-4B1060680D38}.Debug|Any CPU.ActiveCfg = Debug|Any CPU
		{0D8EB0EA-0E33-4BC3-BE4B-4B1060680D38}.Debug|Any CPU.Build.0 = Debug|Any CPU
		{0D8EB0EA-0E33-4BC3-BE4B-4B1060680D38}.Debug|x64.ActiveCfg = Debug|Any CPU
		{0D8EB0EA-0E33-4BC3-BE4B-4B1060680D38}.Debug|x64.Build.0 = Debug|Any CPU
		{0D8EB0EA-0E33-4BC3-BE4B-4B1060680D38}.Debug|x86.ActiveCfg = Debug|Any CPU
		{0D8EB0EA-0E33-4BC3-BE4B-4B1060680D38}.Debug|x86.Build.0 = Debug|Any CPU
		{0D8EB0EA-0E33-4BC3-BE4B-4B1060680D38}.Release|Any CPU.ActiveCfg = Release|Any CPU
		{0D8EB0EA-0E33-4BC3-BE4B-4B1060680D38}.Release|Any CPU.Build.0 = Release|Any CPU
		{0D8EB0EA-0E33-4BC3-BE4B-4B1060680D38}.Release|x64.ActiveCfg = Release|Any CPU
		{0D8EB0EA-0E33-4BC3-BE4B-4B1060680D38}.Release|x64.Build.0 = Release|Any CPU
		{0D8EB0EA-0E33-4BC3-BE4B-4B1060680D38}.Release|x86.ActiveCfg = Release|Any CPU
		{0D8EB0EA-0E33-4BC3-BE4B-4B1060680D38}.Release|x86.Build.0 = Release|Any CPU
		{616CAB59-7B40-4B75-9F16-FDB3181C0A0D}.Debug|Any CPU.ActiveCfg = Debug|Any CPU
		{616CAB59-7B40-4B75-9F16-FDB3181C0A0D}.Debug|Any CPU.Build.0 = Debug|Any CPU
		{616CAB59-7B40-4B75-9F16-FDB3181C0A0D}.Debug|x64.ActiveCfg = Debug|Any CPU
		{616CAB59-7B40-4B75-9F16-FDB3181C0A0D}.Debug|x64.Build.0 = Debug|Any CPU
		{616CAB59-7B40-4B75-9F16-FDB3181C0A0D}.Debug|x86.ActiveCfg = Debug|Any CPU
		{616CAB59-7B40-4B75-9F16-FDB3181C0A0D}.Debug|x86.Build.0 = Debug|Any CPU
		{616CAB59-7B40-4B75-9F16-FDB3181C0A0D}.Release|Any CPU.ActiveCfg = Release|Any CPU
		{616CAB59-7B40-4B75-9F16-FDB3181C0A0D}.Release|Any CPU.Build.0 = Release|Any CPU
		{616CAB59-7B40-4B75-9F16-FDB3181C0A0D}.Release|x64.ActiveCfg = Release|Any CPU
		{616CAB59-7B40-4B75-9F16-FDB3181C0A0D}.Release|x64.Build.0 = Release|Any CPU
		{616CAB59-7B40-4B75-9F16-FDB3181C0A0D}.Release|x86.ActiveCfg = Release|Any CPU
		{616CAB59-7B40-4B75-9F16-FDB3181C0A0D}.Release|x86.Build.0 = Release|Any CPU
		{04104B88-6645-432A-A163-0B7DC2EED03E}.Debug|Any CPU.ActiveCfg = Debug|Any CPU
		{04104B88-6645-432A-A163-0B7DC2EED03E}.Debug|Any CPU.Build.0 = Debug|Any CPU
		{04104B88-6645-432A-A163-0B7DC2EED03E}.Debug|x64.ActiveCfg = Debug|Any CPU
		{04104B88-6645-432A-A163-0B7DC2EED03E}.Debug|x64.Build.0 = Debug|Any CPU
		{04104B88-6645-432A-A163-0B7DC2EED03E}.Debug|x86.ActiveCfg = Debug|Any CPU
		{04104B88-6645-432A-A163-0B7DC2EED03E}.Debug|x86.Build.0 = Debug|Any CPU
		{04104B88-6645-432A-A163-0B7DC2EED03E}.Release|Any CPU.ActiveCfg = Release|Any CPU
		{04104B88-6645-432A-A163-0B7DC2EED03E}.Release|Any CPU.Build.0 = Release|Any CPU
		{04104B88-6645-432A-A163-0B7DC2EED03E}.Release|x64.ActiveCfg = Release|Any CPU
		{04104B88-6645-432A-A163-0B7DC2EED03E}.Release|x64.Build.0 = Release|Any CPU
		{04104B88-6645-432A-A163-0B7DC2EED03E}.Release|x86.ActiveCfg = Release|Any CPU
		{04104B88-6645-432A-A163-0B7DC2EED03E}.Release|x86.Build.0 = Release|Any CPU
	EndGlobalSection
	GlobalSection(SolutionProperties) = preSolution
		HideSolutionNode = FALSE
	EndGlobalSection
	GlobalSection(NestedProjects) = preSolution
		{A193AE31-B9E8-40CF-8A66-58B32FE87712} = {5F069673-5D80-446C-92F1-4A46B85276F1}
		{EB36D8DD-3C4C-4598-97C0-947EAFB12C53} = {C7E71A79-4407-4C92-A975-5E8D36E10685}
		{FE042BE0-F778-4B6C-846C-C96F743D4800} = {5F069673-5D80-446C-92F1-4A46B85276F1}
		{0D8EB0EA-0E33-4BC3-BE4B-4B1060680D38} = {5F069673-5D80-446C-92F1-4A46B85276F1}
		{616CAB59-7B40-4B75-9F16-FDB3181C0A0D} = {5F069673-5D80-446C-92F1-4A46B85276F1}
		{04104B88-6645-432A-A163-0B7DC2EED03E} = {5F069673-5D80-446C-92F1-4A46B85276F1}
	EndGlobalSection
EndGlobal
